
Microsoft Visual Studio Solution File, Format Version 12.00
# Visual Studio 14
VisualStudioVersion = 14.0.22823.1
MinimumVisualStudioVersion = 10.0.40219.1
Project("{FAE04EC0-301F-11D3-BF4B-00C04F79EFBC}") = "Rosetta", "Rosetta\Rosetta.csproj", "{97E19FCA-ED0C-4B6E-8D1E-948D7AB9DA0F}"
EndProject
Project("{FAE04EC0-301F-11D3-BF4B-00C04F79EFBC}") = "Rosetta.UnitTests", "Rosetta.UnitTests\Rosetta.UnitTests.csproj", "{CB8E678C-49B8-42C9-8A88-45EF22261CB7}"
EndProject
Project("{2150E333-8FDC-42A3-9474-1A3956D46DE8}") = "Solution Items", "Solution Items", "{80893C5B-CB9B-457D-8652-60F86882C743}"
	ProjectSection(SolutionItems) = preProject
		.gitattributes = .gitattributes
		.gitignore = .gitignore
		LICENSE = LICENSE
		README.md = README.md
	EndProjectSection
EndProject
Project("{FAE04EC0-301F-11D3-BF4B-00C04F79EFBC}") = "Rosetta.WinForms", "Rosetta.WinForms\Rosetta.WinForms.csproj", "{72B59B76-3DE9-4705-8E31-AD6EDDC1118D}"
EndProject
Global
	GlobalSection(SolutionConfigurationPlatforms) = preSolution
		Debug|Any CPU = Debug|Any CPU
		Release|Any CPU = Release|Any CPU
	EndGlobalSection
	GlobalSection(ProjectConfigurationPlatforms) = postSolution
		{97E19FCA-ED0C-4B6E-8D1E-948D7AB9DA0F}.Debug|Any CPU.ActiveCfg = Debug|Any CPU
		{97E19FCA-ED0C-4B6E-8D1E-948D7AB9DA0F}.Debug|Any CPU.Build.0 = Debug|Any CPU
		{97E19FCA-ED0C-4B6E-8D1E-948D7AB9DA0F}.Release|Any CPU.ActiveCfg = Release|Any CPU
		{97E19FCA-ED0C-4B6E-8D1E-948D7AB9DA0F}.Release|Any CPU.Build.0 = Release|Any CPU
		{CB8E678C-49B8-42C9-8A88-45EF22261CB7}.Debug|Any CPU.ActiveCfg = Debug|Any CPU
		{CB8E678C-49B8-42C9-8A88-45EF22261CB7}.Debug|Any CPU.Build.0 = Debug|Any CPU
		{CB8E678C-49B8-42C9-8A88-45EF22261CB7}.Release|Any CPU.ActiveCfg = Release|Any CPU
		{CB8E678C-49B8-42C9-8A88-45EF22261CB7}.Release|Any CPU.Build.0 = Release|Any CPU
		{72B59B76-3DE9-4705-8E31-AD6EDDC1118D}.Debug|Any CPU.ActiveCfg = Debug|Any CPU
		{72B59B76-3DE9-4705-8E31-AD6EDDC1118D}.Debug|Any CPU.Build.0 = Debug|Any CPU
		{72B59B76-3DE9-4705-8E31-AD6EDDC1118D}.Release|Any CPU.ActiveCfg = Release|Any CPU
		{72B59B76-3DE9-4705-8E31-AD6EDDC1118D}.Release|Any CPU.Build.0 = Release|Any CPU
	EndGlobalSection
	GlobalSection(SolutionProperties) = preSolution
		HideSolutionNode = FALSE
	EndGlobalSection
EndGlobal
